schema: '2.0'
stages:
  download_ace:
    cmd: "mkdir -p in/geotiffs\necho \"Downloading from https://dea-public-data-dev.s3-ap-southeast-2.amazonaws.com/derivative/ga_s2ls_coastalecosystems_cyear_3/0-0-2/ga_s2ls_coastalecosystems_cyear_3_2021--P1Y_interim_classification_0-0-2.tif...\"\
      \ncurl -L -o in/geotiffs/ga_s2ls_coastalecosystems_cyear_3_2021--P1Y_interim_classification_0-0-2.tif
      \"https://dea-public-data-dev.s3-ap-southeast-2.amazonaws.com/derivative/ga_s2ls_coastalecosystems_cyear_3/0-0-2/ga_s2ls_coastalecosystems_cyear_3_2021--P1Y_interim_classification_0-0-2.tif\"\
      \n"
    outs:
    - path: in/geotiffs
      hash: md5
      md5: 7ef5cf0bcc45aa968e2941c05a764f5a.dir
      size: 636387129
      nfiles: 1
  warp_ace:
    cmd: csdr datasets warp-raster --input-dir "in/geotiffs" --output-dir "in/resampled-geotiffs"
      --target-crs "EPSG:3577" --target-resolution "1000" --resampling-method "nearest"
    deps:
    - path: ../../csdr/cli_datasets.py
      hash: md5
      md5: da41e3e30a46292404913b08080c5cd9
      size: 6566
    - path: in/geotiffs
      hash: md5
      md5: 7ef5cf0bcc45aa968e2941c05a764f5a.dir
      size: 636387129
      nfiles: 1
    outs:
    - path: in/resampled-geotiffs
      hash: md5
      md5: 6459a2fb5180501a3ccabffef47395eb.dir
      size: 15742647
      nfiles: 1
  raster_to_zarr_ace:
    cmd: csdr datasets raster-to-zarr --input-raster 
      in/resampled-geotiffs/ga_s2ls_coastalecosystems_cyear_3_2021--P1Y_interim_classification_0-0-2.tif
      --output-zarr 
      out/ga_s2ls_coastalecosystems_cyear_3_2021--P1Y_interim_classification_0-0-2.zarr
    deps:
    - path: ../../csdr/cli_datasets.py
      hash: md5
      md5: da41e3e30a46292404913b08080c5cd9
      size: 6566
    - path: in/resampled-geotiffs
      hash: md5
      md5: 6459a2fb5180501a3ccabffef47395eb.dir
      size: 15742647
      nfiles: 1
    outs:
    - path: 
        out/ga_s2ls_coastalecosystems_cyear_3_2021--P1Y_interim_classification_0-0-2.zarr
      hash: md5
      md5: c8d2aea4b1cf08d01383a36a6361ac50.dir
      size: 74244
      nfiles: 41
  upload_ace:
    cmd: if [[ 
      s3://csdr-dvc-out/ga_s2ls_coastalecosystems_cyear_3_2021--P1Y_interim_classification_0-0-2.zarr
      == s3://* ]]; then aws s3 cp 
      out/ga_s2ls_coastalecosystems_cyear_3_2021--P1Y_interim_classification_0-0-2.zarr
      s3://csdr-dvc-out/ga_s2ls_coastalecosystems_cyear_3_2021--P1Y_interim_classification_0-0-2.zarr
      --recursive; else echo "out_s3_path does not start with s3://, skipping upload"
      && cp -r 
      out/ga_s2ls_coastalecosystems_cyear_3_2021--P1Y_interim_classification_0-0-2.zarr
      s3://csdr-dvc-out/ga_s2ls_coastalecosystems_cyear_3_2021--P1Y_interim_classification_0-0-2.zarr;
      fi
    deps:
    - path: 
        out/ga_s2ls_coastalecosystems_cyear_3_2021--P1Y_interim_classification_0-0-2.zarr
      hash: md5
      md5: c8d2aea4b1cf08d01383a36a6361ac50.dir
      size: 74244
      nfiles: 41
    outs:
    - path: 
        s3://csdr-dvc-out/ga_s2ls_coastalecosystems_cyear_3_2021--P1Y_interim_classification_0-0-2.zarr
      hash: md5
      md5: 5e051c5d75368aa2df12a7e32bd33952.dir
      size: 74244
      nfiles: 41
  validate_ace:
    cmd: csdr datasets validate-zarr --input-zarr 
      out/ga_s2ls_coastalecosystems_cyear_3_2021--P1Y_interim_classification_0-0-2.zarr
    deps:
    - path: ../../csdr/cli_datasets.py
      hash: md5
      md5: da41e3e30a46292404913b08080c5cd9
      size: 6566
    - path: 
        out/ga_s2ls_coastalecosystems_cyear_3_2021--P1Y_interim_classification_0-0-2.zarr
      hash: md5
      md5: c8d2aea4b1cf08d01383a36a6361ac50.dir
      size: 74244
      nfiles: 41
