schema: '2.0'
stages:
  datasets:
    cmd: cd datasets && dvc repro && cd ../../
    deps:
    - path: datasets/dvc.lock
      hash: md5
      md5: ce75d45618d9069bef73a8f6350c1c38
      size: 279
  geometries:
    cmd: cd geometries && dvc repro && cd ../../
    deps:
    - path: geometries/dvc.lock
      hash: md5
      md5: 3e9743992a7fc5deb4f725a9177c15c4
      size: 424
