schema: '2.0'
stages:
  calculate_zonal_stats:
    cmd: csdr vector-cube zonal-stats --input-zarr s3://csdr-dvc-out/gmw-v4019-1km-mollweide.zarr
      --input-geoparquet s3://csdr-dvc-out/asgs-ste-2021.parquet --output-path out/gmw_zonal_stats_ste.parquet
      --data-variable data_variable --name-dim asgs_ste --fill-value 0
    deps:
    - path: ../../csdr/cli_vector_cube.py
      hash: md5
      md5: 4c0b1efbb9dbd21ff371f64ffda1bbc3
      size: 9432
    - path: s3://csdr-dvc-out/asgs-ste-2021.parquet
      hash: md5
      etag: 3b1f37098f089a5dc970b4674540b305-4
      size: 28619293
    - path: s3://csdr-dvc-out/gmw-v4019-1km-mollweide.zarr
      hash: md5
      md5: 863a7f637b996494419db5444ab7c830.dir
      size: 326561
      nfiles: 116
    outs:
    - path: out/gmw_zonal_stats_ste.parquet
      hash: md5
      md5: b28df89b2c0df1c8006da668a02e8b09
      size: 57772464
  validate_zonal_stats:
    cmd: 'csdr geometries validate --input-file out/gmw_zonal_stats_ste.parquet #
      Add --schema if a specific schema exists for validation'
    deps:
    - path: ../../csdr/cli_geometries.py
      hash: md5
      md5: e046408ff0900f26dac7cf33018d318b
      size: 4856
    - path: out/gmw_zonal_stats_ste.parquet
      hash: md5
      md5: b28df89b2c0df1c8006da668a02e8b09
      size: 57772464
  upload_asgs:
    cmd: if [[ 
      /Users/nfs/Documents/Code/2-auspatious/csdr-cloud-spatial/tmp/gmw_zonal_stats_ste.parquet
      == s3://* ]]; then aws s3 cp out/gmw_zonal_stats_ste.parquet 
      /Users/nfs/Documents/Code/2-auspatious/csdr-cloud-spatial/tmp/gmw_zonal_stats_ste.parquet;
      else echo "out_s3_path does not start with s3://, skipping upload" && cp out/gmw_zonal_stats_ste.parquet
      /Users/nfs/Documents/Code/2-auspatious/csdr-cloud-spatial/tmp/gmw_zonal_stats_ste.parquet;
      fi
    deps:
    - path: out/gmw_zonal_stats_ste.parquet
      hash: md5
      md5: 6e5453b788b00a1f1e4e0bf3fa28677b
      size: 57221016
    outs:
    - path: ../../tmp/gmw_zonal_stats_ste.parquet
      hash: md5
      md5: 6e5453b788b00a1f1e4e0bf3fa28677b
      size: 57221016
  upload:
    cmd: if [[ s3://csdr-dvc-out/gmw_zonal_stats_ste.parquet == s3://* ]]; then aws
      s3 cp out/gmw_zonal_stats_ste.parquet s3://csdr-dvc-out/gmw_zonal_stats_ste.parquet;
      else echo "out_s3_path does not start with s3://, skipping upload" && cp out/gmw_zonal_stats_ste.parquet
      s3://csdr-dvc-out/gmw_zonal_stats_ste.parquet; fi
    deps:
    - path: out/gmw_zonal_stats_ste.parquet
      hash: md5
      md5: b28df89b2c0df1c8006da668a02e8b09
      size: 57772464
    outs:
    - path: s3://csdr-dvc-out/gmw_zonal_stats_ste.parquet
      hash: md5
      etag: faf3bdd7a4727c4d79b22707c96243b0-7
      size: 57772464
