schema: '2.0'
stages:
  calculate_zonal_stats:
    cmd: csdr vector-cube zonal-stats --input-zarr s3://csdr-dvc-out/gmw-v4019-1km-mollweide.zarr
      --input-geoparquet s3://csdr-dvc-out/asgs-ste-2021.parquet --output-path out/gmw_zonal_stats_ste.parquet
      --data-variable data_variable --stat mean --name-dim asgs_ste --fill-value 0
    deps:
    - path: ../../csdr/cli.py
      hash: md5
      md5: 49f6f06a492ad096172953a27667fa4a
      size: 1498
    - path: ../../csdr/cli_vector_cube.py
      hash: md5
      md5: 239f2a9ec2a30d7dac7341766f72cf7d
      size: 6767
    - path: s3://csdr-dvc-out/asgs-ste-2021.parquet
      hash: md5
      etag: 5678a37d9568e4df77cf408b92e97022-4
      size: 28619337
    - path: s3://csdr-dvc-out/gmw-v4019-1km-mollweide.zarr
      hash: md5
      md5: 8800d167381a5149224eff76722f7ba0.dir
      size: 326561
      nfiles: 116
    outs:
    - path: out/gmw_zonal_stats_ste.parquet
      hash: md5
      md5: dfa5e956039197076b5b7592537c8218
      size: 57221060
  validate_zonal_stats:
    cmd: 'csdr geometries validate --input-file out/gmw_zonal_stats_ste.parquet #
      Add --schema if a specific schema exists for validation'
    deps:
    - path: ../../csdr/cli.py
      hash: md5
      md5: 49f6f06a492ad096172953a27667fa4a
      size: 1498
    - path: ../../csdr/cli_geometries.py
      hash: md5
      md5: 81df0b0b51118ec2a451e7e60e13fa13
      size: 5038
    - path: out/gmw_zonal_stats_ste.parquet
      hash: md5
      md5: dfa5e956039197076b5b7592537c8218
      size: 57221060
