schema: '2.0'
stages:
  calculate_zonal_stats:
    cmd: csdr vector-cube zonal-stats --input-zarr /tmp/csdr-dvc-out/nesp36_seagrass_baseline.zarr
      --input-geoparquet /tmp/csdr-dvc-out/acsc-ga-2015.parquet --output-path out/tsg_zonal_stats_acsc.parquet
      --data-variable data_variable --stat sum --stat mean --mode area --mode pixel
      --stat-name total_area --stat-name percent_cover --name-dim acsc --fill-value
      None --proj-crs EPSG:9473
    deps:
    - path: ../../csdr/cli_vector_cube.py
      hash: md5
      md5: 8eaca66bbdb959c6fb9dca990128ed6c
      size: 8439
    - path: /tmp/csdr-dvc-out/acsc-ga-2015.parquet
      hash: md5
      md5: b6df59c688f8019eac018b7fb4089d79
      size: 8959806
    - path: /tmp/csdr-dvc-out/nesp36_seagrass_baseline.zarr
      hash: md5
      md5: 8a622f53ef287c0a1563f216459f419b.dir
      size: 188067
      nfiles: 27
    outs:
    - path: out/tsg_zonal_stats_acsc.parquet
      hash: md5
      md5: 867f63e92d9661cbc68bc442342c51ae
      size: 18688957
  validate_zonal_stats:
    cmd: 'csdr geometries validate --input-file out/tsg_zonal_stats_acsc.parquet #
      Add --schema if a specific schema exists for validation'
    deps:
    - path: ../../csdr/cli_geometries.py
      hash: md5
      md5: 95cc1509f8c7b0986bf3ecffe744294f
      size: 4989
    - path: out/tsg_zonal_stats_acsc.parquet
      hash: md5
      md5: 867f63e92d9661cbc68bc442342c51ae
      size: 18688957
