schema: '2.0'
stages:
  calculate_zonal_stats:
    cmd: csdr vector-cube zonal-stats --input-zarr
      /tmp/csdr-dvc-out/ga_s2ls_coastalecosystems_cyear_3_2021--P1Y_interim_classification_0-0-2.zarr
      --input-geoparquet /tmp/csdr-dvc-out/acsc-ga-2015.parquet --output-path out/ace_zonal_stats_acsc.parquet
      --data-variable data_variable --name-dim acsc --fill-value 0
    deps:
    - path: ../../csdr/cli_vector_cube.py
      hash: md5
      md5: 492ced02c17010fad54735239141aa6e
      size: 9543
    - path: /tmp/csdr-dvc-out/acsc-ga-2015.parquet
      hash: md5
      md5: b6df59c688f8019eac018b7fb4089d79
      size: 8959806
    - path:
        /tmp/csdr-dvc-out/ga_s2ls_coastalecosystems_cyear_3_2021--P1Y_interim_classification_0-0-2.zarr
      hash: md5
      md5: 25ebbb152fe7806403544b7469c97c1a.dir
      size: 74244
      nfiles: 41
    params:
      params.yaml:
        classes:
        - 2
        - 3
        - 4
        - 5
        zonal_stats:
        - stat: sum
          mode: area
          name: total_area
        - stat: mean
          mode: pixel
          name: percent_cover
    outs:
    - path: out/ace_zonal_stats_acsc.parquet
      hash: md5
      md5: f77957f252fef80597340f7437990253
      size: 22583681
  validate_zonal_stats:
    cmd: 'csdr geometries validate --input-file out/ace_zonal_stats_acsc.parquet #
      Add --schema if a specific schema exists for validation'
    deps:
    - path: ../../csdr/cli_geometries.py
      hash: md5
      md5: 95cc1509f8c7b0986bf3ecffe744294f
      size: 4989
    - path: out/ace_zonal_stats_acsc.parquet
      hash: md5
      md5: f77957f252fef80597340f7437990253
      size: 22583681
