schema: '2.0'
stages:
  download:
    cmd: "mkdir -p in/eez-land-union\necho \"Downloading from https://files.auspatious.com/unsw/EEZ_land_union_v4_202410.zip...\"\
      \ncurl -L -o in/eez-land-union/EEZ_land_union_v4_202410.zip https://files.auspatious.com/unsw/EEZ_land_union_v4_202410.zip\n
      echo \"Unzipping...\"\nunzip -o in/eez-land-union/EEZ_land_union_v4_202410.zip
      -d in/eez-land-union\n"
    outs:
    - path: in/eez-land-union
      hash: md5
      md5: ca26eb7ad3434c501268ca7297a7090c.dir
      size: 45889129
      nfiles: 7
  convert:
    cmd: csdr geometries convert-vector --input-dir in/eez-land-union --input-glob
      EEZ_land_union_v4_202410.shp --target-crs EPSG:4326 --output-path out/EEZ_land_union_v4_202410.parquet
      --name-property UNION
    deps:
    - path: ../../csdr/cli_geometries.py
      hash: md5
      md5: e046408ff0900f26dac7cf33018d318b
      size: 4856
    - path: in/eez-land-union
      hash: md5
      md5: ca26eb7ad3434c501268ca7297a7090c.dir
      size: 45889129
      nfiles: 7
    outs:
    - path: out/EEZ_land_union_v4_202410.parquet
      hash: md5
      md5: 03f4540c44a59ef82db509e7ed517c9f
      size: 25167031
  validate:
    cmd: csdr geometries validate --input-file out/EEZ_land_union_v4_202410.parquet
    deps:
    - path: ../../csdr/cli_geometries.py
      hash: md5
      md5: e046408ff0900f26dac7cf33018d318b
      size: 4856
    - path: out/EEZ_land_union_v4_202410.parquet
      hash: md5
      md5: 03f4540c44a59ef82db509e7ed517c9f
      size: 25167031
  upload:
    cmd: if [[ s3://csdr-dev-env-data-ap-southeast-2/EEZ_land_union_v4_202410.parquet
      == s3://* ]]; then aws s3 cp out/EEZ_land_union_v4_202410.parquet s3://csdr-dev-env-data-ap-southeast-2/EEZ_land_union_v4_202410.parquet;
      else echo "out_s3_path does not start with s3://, skipping upload" && cp out/EEZ_land_union_v4_202410.parquet
      s3://csdr-dev-env-data-ap-southeast-2/EEZ_land_union_v4_202410.parquet; fi
    deps:
    - path: out/EEZ_land_union_v4_202410.parquet
      hash: md5
      md5: 03f4540c44a59ef82db509e7ed517c9f
      size: 25167031
    outs:
    - path: s3://csdr-dev-env-data-ap-southeast-2/EEZ_land_union_v4_202410.parquet
      hash: md5
      etag: 7ccbae1f52f3cb3ac489a09fb81a873b-4
      size: 25167031
