schema: '2.0'
stages:
  download_extract_gmw:
    cmd: "mkdir -p in/geotiffs\necho \"Downloading from https://zenodo.org/records/12756047/files/gmw_mng_2020_v4019_gtiff.zip?download=1...\"\
      \ \ncurl -L -o in/geotiffs/gmw_mng_2020_v4019_gtiff.zip \"https://zenodo.org/records/12756047/files/gmw_mng_2020_v4019_gtiff.zip?download=1\"\
      \ \necho \"Unzipping...\"\nunzip -o in/geotiffs/gmw_mng_2020_v4019_gtiff.zip
      -d in/geotiffs\n"
    outs:
    - path: in/geotiffs
      hash: md5
      md5: 57c331a471461096ee1bd5a5c20b6c69.dir
      size: 992445640
      nfiles: 1648
  warp_gmw:
    cmd: csdr datasets warp-raster --input-dir "in/geotiffs" --output-dir "in/projected-geotiffs"
      --target-crs "+proj=moll +lon_0=0 +x_0=0 +y_0=0 +datum=WGS84 +units=m +no_defs"
      --target-resolution "1000" --resampling-method "nearest"
    deps:
    - path: ../../csdr/cli_datasets.py
      hash: md5
      md5: aa51d8a81fc477c726b0a9969eb0e1a0
      size: 6477
    - path: in/geotiffs
      hash: md5
      md5: 57c331a471461096ee1bd5a5c20b6c69.dir
      size: 992445640
      nfiles: 1648
    outs:
    - path: in/projected-geotiffs
      hash: md5
      md5: 7ca6c953303f03fd592f4e5d70aa9ca7.dir
      size: 30028817
      nfiles: 1647
  build_vrt_gmw:
    cmd: "echo \"Building VRT: in/projected-geotiffs.vrt\"\ngdalbuildvrt in/projected-geotiffs.vrt
      in/projected-geotiffs/*.tif\n"
    deps:
    - path: in/projected-geotiffs
      hash: md5
      md5: 7ca6c953303f03fd592f4e5d70aa9ca7.dir
      size: 30028817
      nfiles: 1647
    outs:
    - path: in/projected-geotiffs.vrt
      hash: md5
      md5: 6cad439408dfe8227e4be6752f55050f
      size: 774793
  vrt_to_zarr_gmw:
    cmd: csdr datasets raster-to-zarr --input-raster in/projected-geotiffs.vrt --output-zarr
      out/gmw-v4019-1km-mollweide.zarr
    deps:
    - path: ../../csdr/cli_datasets.py
      hash: md5
      md5: aa51d8a81fc477c726b0a9969eb0e1a0
      size: 6477
    - path: in/projected-geotiffs.vrt
      hash: md5
      md5: 6cad439408dfe8227e4be6752f55050f
      size: 774793
    outs:
    - path: out/gmw-v4019-1km-mollweide.zarr
      hash: md5
      md5: b2ce9f21be383a106ae30221551f33b1.dir
      size: 326561
      nfiles: 116
  validate_gmw:
    cmd: csdr datasets validate-zarr --input-zarr out/gmw-v4019-1km-mollweide.zarr
    deps:
    - path: ../../csdr/cli_datasets.py
      hash: md5
      md5: aa51d8a81fc477c726b0a9969eb0e1a0
      size: 6477
    - path: out/gmw-v4019-1km-mollweide.zarr
      hash: md5
      md5: b2ce9f21be383a106ae30221551f33b1.dir
      size: 326561
      nfiles: 116
  upload_gmw:
    cmd: if [[ s3://csdr-dvc-out/gmw-v4019-1km-mollweide.zarr == s3://* ]]; then aws
      s3 cp out/gmw-v4019-1km-mollweide.zarr s3://csdr-dvc-out/gmw-v4019-1km-mollweide.zarr
      --recursive; else echo "out_s3_path does not start with s3://, skipping upload"
      && cp -r out/gmw-v4019-1km-mollweide.zarr s3://csdr-dvc-out/gmw-v4019-1km-mollweide.zarr;
      fi
    deps:
    - path: out/gmw-v4019-1km-mollweide.zarr
      hash: md5
      md5: b2ce9f21be383a106ae30221551f33b1.dir
      size: 326561
      nfiles: 116
    outs:
    - path: s3://csdr-dvc-out/gmw-v4019-1km-mollweide.zarr
      hash: md5
      md5: be6b4446fb861ed0eff99c7927bf0b98.dir
      size: 326561
      nfiles: 116
