schema: '2.0'
stages:
  download_extract_gmw:
    cmd: "mkdir -p in/geotiffs\necho \"Downloading from https://zenodo.org/records/12756047/files/gmw_mng_2020_v4019_gtiff.zip?download=1...\"\
      \ \ncurl -L -o in/geotiffs/gmw_mng_2020_v4019_gtiff.zip \"https://zenodo.org/records/12756047/files/gmw_mng_2020_v4019_gtiff.zip?download=1\"\
      \ \necho \"Unzipping...\"\nunzip -o in/geotiffs/gmw_mng_2020_v4019_gtiff.zip
      -d in/geotiffs\n"
    outs:
    - path: in/geotiffs
      hash: md5
      md5: 57c331a471461096ee1bd5a5c20b6c69.dir
      size: 992445640
      nfiles: 1648
  warp_gmw:
    cmd: csdr datasets warp-raster --input-dir "in/geotiffs" --output-dir "in/projected-geotiffs"
      --target-crs "+proj=moll +lon_0=0 +x_0=0 +y_0=0 +datum=WGS84 +units=m +no_defs"
      --target-resolution "1000" --resampling-method "nearest"
    deps:
    - path: ../../csdr/cli.py
      hash: md5
      md5: 49f6f06a492ad096172953a27667fa4a
      size: 1498
    - path: ../../csdr/cli_datasets.py
      hash: md5
      md5: 018267efa45dec8ba44861fd2cc01528
      size: 6934
    - path: in/geotiffs
      hash: md5
      md5: 57c331a471461096ee1bd5a5c20b6c69.dir
      size: 992445640
      nfiles: 1648
    outs:
    - path: in/projected-geotiffs
      hash: md5
      md5: 7ca6c953303f03fd592f4e5d70aa9ca7.dir
      size: 30028817
      nfiles: 1647
  build_vrt_gmw:
    cmd: "echo \"Building VRT: in/projected-geotiffs.vrt\"\ngdalbuildvrt in/projected-geotiffs.vrt
      in/projected-geotiffs/*.tif\n"
    deps:
    - path: in/projected-geotiffs
      hash: md5
      md5: 7ca6c953303f03fd592f4e5d70aa9ca7.dir
      size: 30028817
      nfiles: 1647
    outs:
    - path: in/projected-geotiffs.vrt
      hash: md5
      md5: 6cad439408dfe8227e4be6752f55050f
      size: 774793
  vrt_to_zarr_gmw:
    cmd: csdr datasets raster-to-zarr --input-raster in/projected-geotiffs.vrt --output-zarr
      out/gmw-v4019-1km-mollweide.zarr
    deps:
    - path: ../../csdr/cli.py
      hash: md5
      md5: 49f6f06a492ad096172953a27667fa4a
      size: 1498
    - path: ../../csdr/cli_datasets.py
      hash: md5
      md5: 018267efa45dec8ba44861fd2cc01528
      size: 6934
    - path: in/projected-geotiffs.vrt
      hash: md5
      md5: 6cad439408dfe8227e4be6752f55050f
      size: 774793
    outs:
    - path: out/gmw-v4019-1km-mollweide.zarr
      hash: md5
      md5: 3e4aa91ef2de7c303d39947382a64f3a.dir
      size: 326561
      nfiles: 116
  validate_gmw:
    cmd: csdr datasets validate-zarr --input-zarr out/gmw-v4019-1km-mollweide.zarr
    deps:
    - path: ../../csdr/cli.py
      hash: md5
      md5: 49f6f06a492ad096172953a27667fa4a
      size: 1498
    - path: ../../csdr/cli_datasets.py
      hash: md5
      md5: 018267efa45dec8ba44861fd2cc01528
      size: 6934
    - path: out/gmw-v4019-1km-mollweide.zarr
      hash: md5
      md5: 3e4aa91ef2de7c303d39947382a64f3a.dir
      size: 326561
      nfiles: 116
  upload_gmw:
    cmd: aws s3 cp out/gmw-v4019-1km-mollweide.zarr s3://csdr-dvc-out/gmw-v4019-1km-mollweide.zarr
      --recursive
    deps:
    - path: out/gmw-v4019-1km-mollweide.zarr
      hash: md5
      md5: 3e4aa91ef2de7c303d39947382a64f3a.dir
      size: 326561
      nfiles: 116
    outs:
    - path: s3://csdr-dvc-out/gmw-v4019-1km-mollweide.zarr
      hash: md5
      md5: 370ff47de9571922711e1f6757a97eec.dir
      size: 326561
      nfiles: 116
